
Microsoft Visual Studio Solution File, Format Version 12.00
# Visual Studio Version 17
VisualStudioVersion = 17.0.31903.59
MinimumVisualStudioVersion = 10.0.40219.1
Project("{2150E333-8FDC-42A3-9474-1A3956D46DE8}") = "src", "src", "{1D03EDA0-6681-485C-A77B-D37EECD463AA}"
EndProject
Project("{FAE04EC0-301F-11D3-BF4B-00C04F79EFBC}") = "IRSI.Aloha.Sales.Cli", "src\IRSI.Aloha.Sales.Cli\IRSI.Aloha.Sales.Cli.csproj", "{0D01A293-BEFD-4718-A8C5-4AF7030C7799}"
EndProject
Global
	GlobalSection(SolutionConfigurationPlatforms) = preSolution
		Debug|Any CPU = Debug|Any CPU
		Release|Any CPU = Release|Any CPU
	EndGlobalSection
	GlobalSection(SolutionProperties) = preSolution
		HideSolutionNode = FALSE
	EndGlobalSection
	GlobalSection(ProjectConfigurationPlatforms) = postSolution
		{0D01A293-BEFD-4718-A8C5-4AF7030C7799}.Debug|Any CPU.ActiveCfg = Debug|Any CPU
		{0D01A293-BEFD-4718-A8C5-4AF7030C7799}.Debug|Any CPU.Build.0 = Debug|Any CPU
		{0D01A293-BEFD-4718-A8C5-4AF7030C7799}.Release|Any CPU.ActiveCfg = Release|Any CPU
		{0D01A293-BEFD-4718-A8C5-4AF7030C7799}.Release|Any CPU.Build.0 = Release|Any CPU
	EndGlobalSection
	GlobalSection(NestedProjects) = preSolution
		{0D01A293-BEFD-4718-A8C5-4AF7030C7799} = {1D03EDA0-6681-485C-A77B-D37EECD463AA}
	EndGlobalSection
EndGlobal
